// !$*UTF8*$!
{
	archiveVersion = 1;
	classes = {
	};
	objectVersion = 56;
	objects = {

/* Begin PBXBuildFile section */
		C32EB4CE294F34970055E2E9 /* RouterApp.swift in Sources */ = {isa = PBXBuildFile; fileRef = C32EB4CD294F34970055E2E9 /* RouterApp.swift */; };
		C32EB4D2294F349A0055E2E9 /* Assets.xcassets in Resources */ = {isa = PBXBuildFile; fileRef = C32EB4D1294F349A0055E2E9 /* Assets.xcassets */; };
		C32EB4D5294F349A0055E2E9 /* Preview Assets.xcassets in Resources */ = {isa = PBXBuildFile; fileRef = C32EB4D4294F349A0055E2E9 /* Preview Assets.xcassets */; };
		C32EB4DF294F35080055E2E9 /* ExerciseFormModel.swift in Sources */ = {isa = PBXBuildFile; fileRef = C32EB4DE294F35080055E2E9 /* ExerciseFormModel.swift */; };
		C32EB4E1294F35D90055E2E9 /* Enums.swift in Sources */ = {isa = PBXBuildFile; fileRef = C32EB4E0294F35D90055E2E9 /* Enums.swift */; };
		C32EB4E3294F375E0055E2E9 /* DetailPartFormModel.swift in Sources */ = {isa = PBXBuildFile; fileRef = C32EB4E2294F375E0055E2E9 /* DetailPartFormModel.swift */; };
		C32EB4E5294F38810055E2E9 /* CommonFunction.swift in Sources */ = {isa = PBXBuildFile; fileRef = C32EB4E4294F38810055E2E9 /* CommonFunction.swift */; };
		C33E9EBE295178CE00C13841 /* ColorPickerView.swift in Sources */ = {isa = PBXBuildFile; fileRef = C33E9EBD295178CE00C13841 /* ColorPickerView.swift */; };
		C33E9EC0295188EC00C13841 /* IconPickerView.swift in Sources */ = {isa = PBXBuildFile; fileRef = C33E9EBF295188EC00C13841 /* IconPickerView.swift */; };
		C33E9EC2295189A400C13841 /* Extension.swift in Sources */ = {isa = PBXBuildFile; fileRef = C33E9EC1295189A400C13841 /* Extension.swift */; };
		C33E9EC52951AD1A00C13841 /* PartsGridView.swift in Sources */ = {isa = PBXBuildFile; fileRef = C33E9EC42951AD1A00C13841 /* PartsGridView.swift */; };
		C34D5435294FEC1F00ED129E /* CreateExerciseFormView.swift in Sources */ = {isa = PBXBuildFile; fileRef = C34D5434294FEC1F00ED129E /* CreateExerciseFormView.swift */; };
		C34D5437294FECE400ED129E /* HomeView.swift in Sources */ = {isa = PBXBuildFile; fileRef = C34D5436294FECE400ED129E /* HomeView.swift */; };
		C34D543A294FF6C700ED129E /* MainView.swift in Sources */ = {isa = PBXBuildFile; fileRef = C34D5439294FF6C700ED129E /* MainView.swift */; };
		C34D543C294FF8F800ED129E /* ExerciseFormView.swift in Sources */ = {isa = PBXBuildFile; fileRef = C34D543B294FF8F800ED129E /* ExerciseFormView.swift */; };
		C34D543E294FF98A00ED129E /* RoutineFormView.swift in Sources */ = {isa = PBXBuildFile; fileRef = C34D543D294FF98A00ED129E /* RoutineFormView.swift */; };
		C34D5455295003A200ED129E /* Pods_Router.framework in Frameworks */ = {isa = PBXBuildFile; fileRef = C34D5454295003A200ED129E /* Pods_Router.framework */; };
		C34D5456295003A200ED129E /* Pods_Router.framework in Embed Frameworks */ = {isa = PBXBuildFile; fileRef = C34D5454295003A200ED129E /* Pods_Router.framework */; settings = {ATTRIBUTES = (CodeSignOnCopy, RemoveHeadersOnCopy, ); }; };
		C34D5459295012A200ED129E /* SettingView.swift in Sources */ = {isa = PBXBuildFile; fileRef = C34D5458295012A200ED129E /* SettingView.swift */; };
		C34D545B2950232900ED129E /* IconSelectView.swift in Sources */ = {isa = PBXBuildFile; fileRef = C34D545A2950232900ED129E /* IconSelectView.swift */; };
		C34D545E295052A400ED129E /* CommonView.swift in Sources */ = {isa = PBXBuildFile; fileRef = C34D545D295052A400ED129E /* CommonView.swift */; };
		C34D546029505BF300ED129E /* Modifier.swift in Sources */ = {isa = PBXBuildFile; fileRef = C34D545F29505BF300ED129E /* Modifier.swift */; };
/* End PBXBuildFile section */

/* Begin PBXCopyFilesBuildPhase section */
		C34D5457295003A200ED129E /* Embed Frameworks */ = {
			isa = PBXCopyFilesBuildPhase;
			buildActionMask = 2147483647;
			dstPath = "";
			dstSubfolderSpec = 10;
			files = (
				C34D5456295003A200ED129E /* Pods_Router.framework in Embed Frameworks */,
			);
			name = "Embed Frameworks";
			runOnlyForDeploymentPostprocessing = 0;
		};
/* End PBXCopyFilesBuildPhase section */

/* Begin PBXFileReference section */
		3E9F4330C424DCC612DF0554 /* Pods-Router.release.xcconfig */ = {isa = PBXFileReference; includeInIndex = 1; lastKnownFileType = text.xcconfig; name = "Pods-Router.release.xcconfig"; path = "Target Support Files/Pods-Router/Pods-Router.release.xcconfig"; sourceTree = "<group>"; };
		667DDA03223262A5F0C38EED /* Pods_Router.framework */ = {isa = PBXFileReference; explicitFileType = wrapper.framework; includeInIndex = 0; path = Pods_Router.framework; sourceTree = BUILT_PRODUCTS_DIR; };
		C32EB4CA294F34970055E2E9 /* Router.app */ = {isa = PBXFileReference; explicitFileType = wrapper.application; includeInIndex = 0; path = Router.app; sourceTree = BUILT_PRODUCTS_DIR; };
		C32EB4CD294F34970055E2E9 /* RouterApp.swift */ = {isa = PBXFileReference; lastKnownFileType = sourcecode.swift; path = RouterApp.swift; sourceTree = "<group>"; };
		C32EB4D1294F349A0055E2E9 /* Assets.xcassets */ = {isa = PBXFileReference; lastKnownFileType = folder.assetcatalog; path = Assets.xcassets; sourceTree = "<group>"; };
		C32EB4D4294F349A0055E2E9 /* Preview Assets.xcassets */ = {isa = PBXFileReference; lastKnownFileType = folder.assetcatalog; path = "Preview Assets.xcassets"; sourceTree = "<group>"; };
		C32EB4DE294F35080055E2E9 /* ExerciseFormModel.swift */ = {isa = PBXFileReference; lastKnownFileType = sourcecode.swift; path = ExerciseFormModel.swift; sourceTree = "<group>"; };
		C32EB4E0294F35D90055E2E9 /* Enums.swift */ = {isa = PBXFileReference; lastKnownFileType = sourcecode.swift; path = Enums.swift; sourceTree = "<group>"; };
		C32EB4E2294F375E0055E2E9 /* DetailPartFormModel.swift */ = {isa = PBXFileReference; lastKnownFileType = sourcecode.swift; path = DetailPartFormModel.swift; sourceTree = "<group>"; };
		C32EB4E4294F38810055E2E9 /* CommonFunction.swift */ = {isa = PBXFileReference; lastKnownFileType = sourcecode.swift; path = CommonFunction.swift; sourceTree = "<group>"; };
		C33E9EBD295178CE00C13841 /* ColorPickerView.swift */ = {isa = PBXFileReference; lastKnownFileType = sourcecode.swift; path = ColorPickerView.swift; sourceTree = "<group>"; };
		C33E9EBF295188EC00C13841 /* IconPickerView.swift */ = {isa = PBXFileReference; lastKnownFileType = sourcecode.swift; path = IconPickerView.swift; sourceTree = "<group>"; };
		C33E9EC1295189A400C13841 /* Extension.swift */ = {isa = PBXFileReference; lastKnownFileType = sourcecode.swift; path = Extension.swift; sourceTree = "<group>"; };
		C33E9EC42951AD1A00C13841 /* PartsGridView.swift */ = {isa = PBXFileReference; lastKnownFileType = sourcecode.swift; path = PartsGridView.swift; sourceTree = "<group>"; };
		C34D5434294FEC1F00ED129E /* CreateExerciseFormView.swift */ = {isa = PBXFileReference; lastKnownFileType = sourcecode.swift; path = CreateExerciseFormView.swift; sourceTree = "<group>"; };
		C34D5436294FECE400ED129E /* HomeView.swift */ = {isa = PBXFileReference; lastKnownFileType = sourcecode.swift; path = HomeView.swift; sourceTree = "<group>"; };
		C34D5439294FF6C700ED129E /* MainView.swift */ = {isa = PBXFileReference; lastKnownFileType = sourcecode.swift; path = MainView.swift; sourceTree = "<group>"; };
		C34D543B294FF8F800ED129E /* ExerciseFormView.swift */ = {isa = PBXFileReference; lastKnownFileType = sourcecode.swift; path = ExerciseFormView.swift; sourceTree = "<group>"; };
		C34D543D294FF98A00ED129E /* RoutineFormView.swift */ = {isa = PBXFileReference; lastKnownFileType = sourcecode.swift; path = RoutineFormView.swift; sourceTree = "<group>"; };
		C34D5442294FFE9C00ED129E /* RealmSwift.framework */ = {isa = PBXFileReference; explicitFileType = wrapper.framework; path = RealmSwift.framework; sourceTree = BUILT_PRODUCTS_DIR; };
		C34D5446294FFEA000ED129E /* Realm.framework */ = {isa = PBXFileReference; explicitFileType = wrapper.framework; path = Realm.framework; sourceTree = BUILT_PRODUCTS_DIR; };
		C34D5449294FFEFE00ED129E /* realm-monorepo.xcframework */ = {isa = PBXFileReference; lastKnownFileType = wrapper.xcframework; name = "realm-monorepo.xcframework"; path = "Pods/Realm/core/realm-monorepo.xcframework"; sourceTree = "<group>"; };
		C34D544D2950024500ED129E /* Info.plist */ = {isa = PBXFileReference; lastKnownFileType = text.plist; path = Info.plist; sourceTree = "<group>"; };
		C34D5454295003A200ED129E /* Pods_Router.framework */ = {isa = PBXFileReference; explicitFileType = wrapper.framework; path = Pods_Router.framework; sourceTree = BUILT_PRODUCTS_DIR; };
		C34D5458295012A200ED129E /* SettingView.swift */ = {isa = PBXFileReference; lastKnownFileType = sourcecode.swift; path = SettingView.swift; sourceTree = "<group>"; };
		C34D545A2950232900ED129E /* IconSelectView.swift */ = {isa = PBXFileReference; lastKnownFileType = sourcecode.swift; path = IconSelectView.swift; sourceTree = "<group>"; };
		C34D545D295052A400ED129E /* CommonView.swift */ = {isa = PBXFileReference; lastKnownFileType = sourcecode.swift; path = CommonView.swift; sourceTree = "<group>"; };
		C34D545F29505BF300ED129E /* Modifier.swift */ = {isa = PBXFileReference; lastKnownFileType = sourcecode.swift; path = Modifier.swift; sourceTree = "<group>"; };
		E2FB862E78B6D7288FB5D3D5 /* Pods-Router.debug.xcconfig */ = {isa = PBXFileReference; includeInIndex = 1; lastKnownFileType = text.xcconfig; name = "Pods-Router.debug.xcconfig"; path = "Target Support Files/Pods-Router/Pods-Router.debug.xcconfig"; sourceTree = "<group>"; };
/* End PBXFileReference section */

/* Begin PBXFrameworksBuildPhase section */
		C32EB4C7294F34970055E2E9 /* Frameworks */ = {
			isa = PBXFrameworksBuildPhase;
			buildActionMask = 2147483647;
			files = (
				C34D5455295003A200ED129E /* Pods_Router.framework in Frameworks */,
			);
			runOnlyForDeploymentPostprocessing = 0;
		};
/* End PBXFrameworksBuildPhase section */

/* Begin PBXGroup section */
		0972F62C3D573A8A3E956D50 /* Pods */ = {
			isa = PBXGroup;
			children = (
				E2FB862E78B6D7288FB5D3D5 /* Pods-Router.debug.xcconfig */,
				3E9F4330C424DCC612DF0554 /* Pods-Router.release.xcconfig */,
			);
			path = Pods;
			sourceTree = "<group>";
		};
		C32EB4C1294F34970055E2E9 = {
			isa = PBXGroup;
			children = (
				C32EB4CC294F34970055E2E9 /* Router */,
				C32EB4CB294F34970055E2E9 /* Products */,
				0972F62C3D573A8A3E956D50 /* Pods */,
				C862E46ED49BC91697084697 /* Frameworks */,
			);
			sourceTree = "<group>";
		};
		C32EB4CB294F34970055E2E9 /* Products */ = {
			isa = PBXGroup;
			children = (
				C32EB4CA294F34970055E2E9 /* Router.app */,
			);
			name = Products;
			sourceTree = "<group>";
		};
		C32EB4CC294F34970055E2E9 /* Router */ = {
			isa = PBXGroup;
			children = (
				C34D544D2950024500ED129E /* Info.plist */,
				C32EB4CD294F34970055E2E9 /* RouterApp.swift */,
				C32EB4E0294F35D90055E2E9 /* Enums.swift */,
				C34D5439294FF6C700ED129E /* MainView.swift */,
				C34D5436294FECE400ED129E /* HomeView.swift */,
				C34D5458295012A200ED129E /* SettingView.swift */,
				C34D545C2950528A00ED129E /* Common */,
				C34D5438294FF69100ED129E /* RoutineForm */,
				C32EB4DB294F34AF0055E2E9 /* ExerciseForm */,
				C32EB4D1294F349A0055E2E9 /* Assets.xcassets */,
				C32EB4D3294F349A0055E2E9 /* Preview Content */,
			);
			path = Router;
			sourceTree = "<group>";
		};
		C32EB4D3294F349A0055E2E9 /* Preview Content */ = {
			isa = PBXGroup;
			children = (
				C32EB4D4294F349A0055E2E9 /* Preview Assets.xcassets */,
			);
			path = "Preview Content";
			sourceTree = "<group>";
		};
		C32EB4DB294F34AF0055E2E9 /* ExerciseForm */ = {
			isa = PBXGroup;
			children = (
				C34D543B294FF8F800ED129E /* ExerciseFormView.swift */,
				C32EB4DE294F35080055E2E9 /* ExerciseFormModel.swift */,
				C32EB4DC294F34C50055E2E9 /* CreateExerciseForm */,
			);
			path = ExerciseForm;
			sourceTree = "<group>";
		};
		C32EB4DC294F34C50055E2E9 /* CreateExerciseForm */ = {
			isa = PBXGroup;
			children = (
				C34D5434294FEC1F00ED129E /* CreateExerciseFormView.swift */,
				C33E9EC32951ACF700C13841 /* GridView */,
				C32EB4DD294F34EB0055E2E9 /* DetailPartForm */,
			);
			path = CreateExerciseForm;
			sourceTree = "<group>";
		};
		C32EB4DD294F34EB0055E2E9 /* DetailPartForm */ = {
			isa = PBXGroup;
			children = (
				C32EB4E2294F375E0055E2E9 /* DetailPartFormModel.swift */,
			);
			path = DetailPartForm;
			sourceTree = "<group>";
		};
		C33E9EC32951ACF700C13841 /* GridView */ = {
			isa = PBXGroup;
			children = (
				C33E9EC42951AD1A00C13841 /* PartsGridView.swift */,
			);
			path = GridView;
			sourceTree = "<group>";
		};
		C34D5438294FF69100ED129E /* RoutineForm */ = {
			isa = PBXGroup;
			children = (
				C34D543D294FF98A00ED129E /* RoutineFormView.swift */,
			);
			path = RoutineForm;
			sourceTree = "<group>";
		};
		C34D545C2950528A00ED129E /* Common */ = {
			isa = PBXGroup;
			children = (
				C34D545D295052A400ED129E /* CommonView.swift */,
				C32EB4E4294F38810055E2E9 /* CommonFunction.swift */,
				C33E9EC1295189A400C13841 /* Extension.swift */,
				C34D545F29505BF300ED129E /* Modifier.swift */,
				C34D54612951675F00ED129E /* Icon */,
			);
			path = Common;
			sourceTree = "<group>";
		};
		C34D54612951675F00ED129E /* Icon */ = {
			isa = PBXGroup;
			children = (
				C34D545A2950232900ED129E /* IconSelectView.swift */,
				C33E9EBD295178CE00C13841 /* ColorPickerView.swift */,
				C33E9EBF295188EC00C13841 /* IconPickerView.swift */,
			);
			path = Icon;
			sourceTree = "<group>";
		};
		C862E46ED49BC91697084697 /* Frameworks */ = {
			isa = PBXGroup;
			children = (
				C34D5454295003A200ED129E /* Pods_Router.framework */,
				C34D5449294FFEFE00ED129E /* realm-monorepo.xcframework */,
				C34D5446294FFEA000ED129E /* Realm.framework */,
				C34D5442294FFE9C00ED129E /* RealmSwift.framework */,
				667DDA03223262A5F0C38EED /* Pods_Router.framework */,
			);
			name = Frameworks;
			sourceTree = "<group>";
		};
/* End PBXGroup section */

/* Begin PBXNativeTarget section */
		C32EB4C9294F34970055E2E9 /* Router */ = {
			isa = PBXNativeTarget;
			buildConfigurationList = C32EB4D8294F349A0055E2E9 /* Build configuration list for PBXNativeTarget "Router" */;
			buildPhases = (
				66243813B689225A61D7A5A1 /* [CP] Check Pods Manifest.lock */,
				C32EB4C6294F34970055E2E9 /* Sources */,
				C32EB4C7294F34970055E2E9 /* Frameworks */,
				C32EB4C8294F34970055E2E9 /* Resources */,
				482909E590C4189614E9E63A /* [CP] Embed Pods Frameworks */,
				C34D5457295003A200ED129E /* Embed Frameworks */,
			);
			buildRules = (
			);
			dependencies = (
			);
			name = Router;
			productName = Router;
			productReference = C32EB4CA294F34970055E2E9 /* Router.app */;
			productType = "com.apple.product-type.application";
		};
/* End PBXNativeTarget section */

/* Begin PBXProject section */
		C32EB4C2294F34970055E2E9 /* Project object */ = {
			isa = PBXProject;
			attributes = {
				BuildIndependentTargetsInParallel = 1;
				LastSwiftUpdateCheck = 1420;
				LastUpgradeCheck = 1420;
				TargetAttributes = {
					C32EB4C9294F34970055E2E9 = {
						CreatedOnToolsVersion = 14.2;
					};
				};
			};
			buildConfigurationList = C32EB4C5294F34970055E2E9 /* Build configuration list for PBXProject "Router" */;
			compatibilityVersion = "Xcode 14.0";
			developmentRegion = en;
			hasScannedForEncodings = 0;
			knownRegions = (
				en,
				Base,
			);
			mainGroup = C32EB4C1294F34970055E2E9;
			productRefGroup = C32EB4CB294F34970055E2E9 /* Products */;
			projectDirPath = "";
			projectRoot = "";
			targets = (
				C32EB4C9294F34970055E2E9 /* Router */,
			);
		};
/* End PBXProject section */

/* Begin PBXResourcesBuildPhase section */
		C32EB4C8294F34970055E2E9 /* Resources */ = {
			isa = PBXResourcesBuildPhase;
			buildActionMask = 2147483647;
			files = (
				C32EB4D5294F349A0055E2E9 /* Preview Assets.xcassets in Resources */,
				C32EB4D2294F349A0055E2E9 /* Assets.xcassets in Resources */,
			);
			runOnlyForDeploymentPostprocessing = 0;
		};
/* End PBXResourcesBuildPhase section */

/* Begin PBXShellScriptBuildPhase section */
		482909E590C4189614E9E63A /* [CP] Embed Pods Frameworks */ = {
			isa = PBXShellScriptBuildPhase;
			buildActionMask = 2147483647;
			files = (
			);
			inputFileListPaths = (
				"${PODS_ROOT}/Target Support Files/Pods-Router/Pods-Router-frameworks-${CONFIGURATION}-input-files.xcfilelist",
			);
			name = "[CP] Embed Pods Frameworks";
			outputFileListPaths = (
				"${PODS_ROOT}/Target Support Files/Pods-Router/Pods-Router-frameworks-${CONFIGURATION}-output-files.xcfilelist",
			);
			runOnlyForDeploymentPostprocessing = 0;
			shellPath = /bin/sh;
			shellScript = "\"${PODS_ROOT}/Target Support Files/Pods-Router/Pods-Router-frameworks.sh\"\n";
			showEnvVarsInLog = 0;
		};
		66243813B689225A61D7A5A1 /* [CP] Check Pods Manifest.lock */ = {
			isa = PBXShellScriptBuildPhase;
			buildActionMask = 2147483647;
			files = (
			);
			inputFileListPaths = (
			);
			inputPaths = (
				"${PODS_PODFILE_DIR_PATH}/Podfile.lock",
				"${PODS_ROOT}/Manifest.lock",
			);
			name = "[CP] Check Pods Manifest.lock";
			outputFileListPaths = (
			);
			outputPaths = (
				"$(DERIVED_FILE_DIR)/Pods-Router-checkManifestLockResult.txt",
			);
			runOnlyForDeploymentPostprocessing = 0;
			shellPath = /bin/sh;
			shellScript = "diff \"${PODS_PODFILE_DIR_PATH}/Podfile.lock\" \"${PODS_ROOT}/Manifest.lock\" > /dev/null\nif [ $? != 0 ] ; then\n    # print error to STDERR\n    echo \"error: The sandbox is not in sync with the Podfile.lock. Run 'pod install' or update your CocoaPods installation.\" >&2\n    exit 1\nfi\n# This output is used by Xcode 'outputs' to avoid re-running this script phase.\necho \"SUCCESS\" > \"${SCRIPT_OUTPUT_FILE_0}\"\n";
			showEnvVarsInLog = 0;
		};
/* End PBXShellScriptBuildPhase section */

/* Begin PBXSourcesBuildPhase section */
		C32EB4C6294F34970055E2E9 /* Sources */ = {
			isa = PBXSourcesBuildPhase;
			buildActionMask = 2147483647;
			files = (
				C32EB4DF294F35080055E2E9 /* ExerciseFormModel.swift in Sources */,
				C33E9EC0295188EC00C13841 /* IconPickerView.swift in Sources */,
				C34D543A294FF6C700ED129E /* MainView.swift in Sources */,
				C34D543C294FF8F800ED129E /* ExerciseFormView.swift in Sources */,
				C34D545B2950232900ED129E /* IconSelectView.swift in Sources */,
				C32EB4E3294F375E0055E2E9 /* DetailPartFormModel.swift in Sources */,
				C32EB4E1294F35D90055E2E9 /* Enums.swift in Sources */,
				C34D546029505BF300ED129E /* Modifier.swift in Sources */,
				C33E9EBE295178CE00C13841 /* ColorPickerView.swift in Sources */,
				C34D543E294FF98A00ED129E /* RoutineFormView.swift in Sources */,
				C33E9EC2295189A400C13841 /* Extension.swift in Sources */,
				C32EB4E5294F38810055E2E9 /* CommonFunction.swift in Sources */,
				C34D5437294FECE400ED129E /* HomeView.swift in Sources */,
				C32EB4CE294F34970055E2E9 /* RouterApp.swift in Sources */,
				C34D545E295052A400ED129E /* CommonView.swift in Sources */,
				C33E9EC52951AD1A00C13841 /* PartsGridView.swift in Sources */,
				C34D5435294FEC1F00ED129E /* CreateExerciseFormView.swift in Sources */,
				C34D5459295012A200ED129E /* SettingView.swift in Sources */,
			);
			runOnlyForDeploymentPostprocessing = 0;
		};
/* End PBXSourcesBuildPhase section */

/* Begin XCBuildConfiguration section */
		C32EB4D6294F349A0055E2E9 /* Debug */ = {
			isa = XCBuildConfiguration;
			buildSettings = {
				ALWAYS_SEARCH_USER_PATHS = NO;
				CLANG_ANALYZER_NONNULL = YES;
				CLANG_ANALYZER_NUMBER_OBJECT_CONVERSION = YES_AGGRESSIVE;
				CLANG_CXX_LANGUAGE_STANDARD = "gnu++20";
				CLANG_ENABLE_MODULES = YES;
				CLANG_ENABLE_OBJC_ARC = YES;
				CLANG_ENABLE_OBJC_WEAK = YES;
				CLANG_WARN_BLOCK_CAPTURE_AUTORELEASING = YES;
				CLANG_WARN_BOOL_CONVERSION = YES;
				CLANG_WARN_COMMA = YES;
				CLANG_WARN_CONSTANT_CONVERSION = YES;
				CLANG_WARN_DEPRECATED_OBJC_IMPLEMENTATIONS = YES;
				CLANG_WARN_DIRECT_OBJC_ISA_USAGE = YES_ERROR;
				CLANG_WARN_DOCUMENTATION_COMMENTS = YES;
				CLANG_WARN_EMPTY_BODY = YES;
				CLANG_WARN_ENUM_CONVERSION = YES;
				CLANG_WARN_INFINITE_RECURSION = YES;
				CLANG_WARN_INT_CONVERSION = YES;
				CLANG_WARN_NON_LITERAL_NULL_CONVERSION = YES;
				CLANG_WARN_OBJC_IMPLICIT_RETAIN_SELF = YES;
				CLANG_WARN_OBJC_LITERAL_CONVERSION = YES;
				CLANG_WARN_OBJC_ROOT_CLASS = YES_ERROR;
				CLANG_WARN_QUOTED_INCLUDE_IN_FRAMEWORK_HEADER = YES;
				CLANG_WARN_RANGE_LOOP_ANALYSIS = YES;
				CLANG_WARN_STRICT_PROTOTYPES = YES;
				CLANG_WARN_SUSPICIOUS_MOVE = YES;
				CLANG_WARN_UNGUARDED_AVAILABILITY = YES_AGGRESSIVE;
				CLANG_WARN_UNREACHABLE_CODE = YES;
				CLANG_WARN__DUPLICATE_METHOD_MATCH = YES;
				COPY_PHASE_STRIP = NO;
				DEBUG_INFORMATION_FORMAT = dwarf;
				ENABLE_STRICT_OBJC_MSGSEND = YES;
				ENABLE_TESTABILITY = YES;
				GCC_C_LANGUAGE_STANDARD = gnu11;
				GCC_DYNAMIC_NO_PIC = NO;
				GCC_NO_COMMON_BLOCKS = YES;
				GCC_OPTIMIZATION_LEVEL = 0;
				GCC_PREPROCESSOR_DEFINITIONS = (
					"DEBUG=1",
					"$(inherited)",
				);
				GCC_WARN_64_TO_32_BIT_CONVERSION = YES;
				GCC_WARN_ABOUT_RETURN_TYPE = YES_ERROR;
				GCC_WARN_UNDECLARED_SELECTOR = YES;
				GCC_WARN_UNINITIALIZED_AUTOS = YES_AGGRESSIVE;
				GCC_WARN_UNUSED_FUNCTION = YES;
				GCC_WARN_UNUSED_VARIABLE = YES;
				MTL_ENABLE_DEBUG_INFO = INCLUDE_SOURCE;
				MTL_FAST_MATH = YES;
				ONLY_ACTIVE_ARCH = YES;
				SDKROOT = iphoneos;
				SWIFT_ACTIVE_COMPILATION_CONDITIONS = DEBUG;
				SWIFT_OPTIMIZATION_LEVEL = "-Onone";
			};
			name = Debug;
		};
		C32EB4D7294F349A0055E2E9 /* Release */ = {
			isa = XCBuildConfiguration;
			buildSettings = {
				ALWAYS_SEARCH_USER_PATHS = NO;
				CLANG_ANALYZER_NONNULL = YES;
				CLANG_ANALYZER_NUMBER_OBJECT_CONVERSION = YES_AGGRESSIVE;
				CLANG_CXX_LANGUAGE_STANDARD = "gnu++20";
				CLANG_ENABLE_MODULES = YES;
				CLANG_ENABLE_OBJC_ARC = YES;
				CLANG_ENABLE_OBJC_WEAK = YES;
				CLANG_WARN_BLOCK_CAPTURE_AUTORELEASING = YES;
				CLANG_WARN_BOOL_CONVERSION = YES;
				CLANG_WARN_COMMA = YES;
				CLANG_WARN_CONSTANT_CONVERSION = YES;
				CLANG_WARN_DEPRECATED_OBJC_IMPLEMENTATIONS = YES;
				CLANG_WARN_DIRECT_OBJC_ISA_USAGE = YES_ERROR;
				CLANG_WARN_DOCUMENTATION_COMMENTS = YES;
				CLANG_WARN_EMPTY_BODY = YES;
				CLANG_WARN_ENUM_CONVERSION = YES;
				CLANG_WARN_INFINITE_RECURSION = YES;
				CLANG_WARN_INT_CONVERSION = YES;
				CLANG_WARN_NON_LITERAL_NULL_CONVERSION = YES;
				CLANG_WARN_OBJC_IMPLICIT_RETAIN_SELF = YES;
				CLANG_WARN_OBJC_LITERAL_CONVERSION = YES;
				CLANG_WARN_OBJC_ROOT_CLASS = YES_ERROR;
				CLANG_WARN_QUOTED_INCLUDE_IN_FRAMEWORK_HEADER = YES;
				CLANG_WARN_RANGE_LOOP_ANALYSIS = YES;
				CLANG_WARN_STRICT_PROTOTYPES = YES;
				CLANG_WARN_SUSPICIOUS_MOVE = YES;
				CLANG_WARN_UNGUARDED_AVAILABILITY = YES_AGGRESSIVE;
				CLANG_WARN_UNREACHABLE_CODE = YES;
				CLANG_WARN__DUPLICATE_METHOD_MATCH = YES;
				COPY_PHASE_STRIP = NO;
				DEBUG_INFORMATION_FORMAT = "dwarf-with-dsym";
				ENABLE_NS_ASSERTIONS = NO;
				ENABLE_STRICT_OBJC_MSGSEND = YES;
				GCC_C_LANGUAGE_STANDARD = gnu11;
				GCC_NO_COMMON_BLOCKS = YES;
				GCC_WARN_64_TO_32_BIT_CONVERSION = YES;
				GCC_WARN_ABOUT_RETURN_TYPE = YES_ERROR;
				GCC_WARN_UNDECLARED_SELECTOR = YES;
				GCC_WARN_UNINITIALIZED_AUTOS = YES_AGGRESSIVE;
				GCC_WARN_UNUSED_FUNCTION = YES;
				GCC_WARN_UNUSED_VARIABLE = YES;
				MTL_ENABLE_DEBUG_INFO = NO;
				MTL_FAST_MATH = YES;
				SDKROOT = iphoneos;
				SWIFT_COMPILATION_MODE = wholemodule;
				SWIFT_OPTIMIZATION_LEVEL = "-O";
				VALIDATE_PRODUCT = YES;
			};
			name = Release;
		};
		C32EB4D9294F349A0055E2E9 /* Debug */ = {
			isa = XCBuildConfiguration;
			baseConfigurationReference = E2FB862E78B6D7288FB5D3D5 /* Pods-Router.debug.xcconfig */;
			buildSettings = {
				ASSETCATALOG_COMPILER_APPICON_NAME = AppIcon;
				ASSETCATALOG_COMPILER_GLOBAL_ACCENT_COLOR_NAME = AccentColor;
				CODE_SIGN_STYLE = Automatic;
				CURRENT_PROJECT_VERSION = 1;
				DEVELOPMENT_ASSET_PATHS = "\"Router/Preview Content\"";
				DEVELOPMENT_TEAM = 3RPG64SDVF;
				ENABLE_PREVIEWS = YES;
				GENERATE_INFOPLIST_FILE = YES;
				INFOPLIST_FILE = Router/Info.plist;
				INFOPLIST_KEY_LSApplicationCategoryType = "public.app-category.sports";
				INFOPLIST_KEY_UIApplicationSceneManifest_Generation = YES;
				INFOPLIST_KEY_UIApplicationSupportsIndirectInputEvents = YES;
				INFOPLIST_KEY_UILaunchScreen_Generation = YES;
				INFOPLIST_KEY_UIStatusBarStyle = "";
				INFOPLIST_KEY_UISupportedInterfaceOrientations_iPad = "UIInterfaceOrientationPortrait UIInterfaceOrientationPortraitUpsideDown UIInterfaceOrientationLandscapeLeft UIInterfaceOrientationLandscapeRight";
				INFOPLIST_KEY_UISupportedInterfaceOrientations_iPhone = "UIInterfaceOrientationPortrait UIInterfaceOrientationLandscapeLeft UIInterfaceOrientationLandscapeRight";
				LD_RUNPATH_SEARCH_PATHS = (
					"$(inherited)",
					"@executable_path/Frameworks",
				);
				MARKETING_VERSION = 1.0;
				PRODUCT_BUNDLE_IDENTIFIER = com.Router;
				PRODUCT_NAME = "$(TARGET_NAME)";
				SWIFT_EMIT_LOC_STRINGS = YES;
				SWIFT_VERSION = 5.0;
				TARGETED_DEVICE_FAMILY = "1,2";
			};
			name = Debug;
		};
		C32EB4DA294F349A0055E2E9 /* Release */ = {
			isa = XCBuildConfiguration;
			baseConfigurationReference = 3E9F4330C424DCC612DF0554 /* Pods-Router.release.xcconfig */;
			buildSettings = {
				ASSETCATALOG_COMPILER_APPICON_NAME = AppIcon;
				ASSETCATALOG_COMPILER_GLOBAL_ACCENT_COLOR_NAME = AccentColor;
				CODE_SIGN_STYLE = Automatic;
				CURRENT_PROJECT_VERSION = 1;
				DEVELOPMENT_ASSET_PATHS = "\"Router/Preview Content\"";
				DEVELOPMENT_TEAM = 3RPG64SDVF;
				ENABLE_PREVIEWS = YES;
				GENERATE_INFOPLIST_FILE = YES;
				INFOPLIST_FILE = Router/Info.plist;
				INFOPLIST_KEY_LSApplicationCategoryType = "public.app-category.sports";
				INFOPLIST_KEY_UIApplicationSceneManifest_Generation = YES;
				INFOPLIST_KEY_UIApplicationSupportsIndirectInputEvents = YES;
				INFOPLIST_KEY_UILaunchScreen_Generation = YES;
				INFOPLIST_KEY_UIStatusBarStyle = "";
				INFOPLIST_KEY_UISupportedInterfaceOrientations_iPad = "UIInterfaceOrientationPortrait UIInterfaceOrientationPortraitUpsideDown UIInterfaceOrientationLandscapeLeft UIInterfaceOrientationLandscapeRight";
				INFOPLIST_KEY_UISupportedInterfaceOrientations_iPhone = "UIInterfaceOrientationPortrait UIInterfaceOrientationLandscapeLeft UIInterfaceOrientationLandscapeRight";
				LD_RUNPATH_SEARCH_PATHS = (
					"$(inherited)",
					"@executable_path/Frameworks",
				);
				MARKETING_VERSION = 1.0;
				PRODUCT_BUNDLE_IDENTIFIER = com.Router;
				PRODUCT_NAME = "$(TARGET_NAME)";
				SWIFT_EMIT_LOC_STRINGS = YES;
				SWIFT_VERSION = 5.0;
				TARGETED_DEVICE_FAMILY = "1,2";
			};
			name = Release;
		};
/* End XCBuildConfiguration section */

/* Begin XCConfigurationList section */
		C32EB4C5294F34970055E2E9 /* Build configuration list for PBXProject "Router" */ = {
			isa = XCConfigurationList;
			buildConfigurations = (
				C32EB4D6294F349A0055E2E9 /* Debug */,
				C32EB4D7294F349A0055E2E9 /* Release */,
			);
			defaultConfigurationIsVisible = 0;
			defaultConfigurationName = Release;
		};
		C32EB4D8294F349A0055E2E9 /* Build configuration list for PBXNativeTarget "Router" */ = {
			isa = XCConfigurationList;
			buildConfigurations = (
				C32EB4D9294F349A0055E2E9 /* Debug */,
				C32EB4DA294F349A0055E2E9 /* Release */,
			);
			defaultConfigurationIsVisible = 0;
			defaultConfigurationName = Release;
		};
/* End XCConfigurationList section */
	};
	rootObject = C32EB4C2294F34970055E2E9 /* Project object */;
}
